<?xml version="1.0" encoding="utf-8"?>
<Project ToolsVersion="4.0" xmlns="http://schemas.microsoft.com/developer/msbuild/2003">
  <ItemGroup>
    <Filter Include="Brain">
      <UniqueIdentifier>{317FE90C-9D93-11BE-6615-B51DD2E80DEF}</UniqueIdentifier>
    </Filter>
    <Filter Include="Brain\Events">
      <UniqueIdentifier>{F50974F9-E16C-039E-8AF2-3B547634CF20}</UniqueIdentifier>
    </Filter>
    <Filter Include="Brain\Platform">
      <UniqueIdentifier>{A562BC42-9130-B048-7AC4-206F66318CAD}</UniqueIdentifier>
    </Filter>
    <Filter Include="Brain\Platform\OpenGL">
      <UniqueIdentifier>{390085B3-A56C-40AE-6E60-D80BDA8B6216}</UniqueIdentifier>
    </Filter>
    <Filter Include="Brain\Platform\Windows">
      <UniqueIdentifier>{DFE1407C-CBDB-69CE-B448-00DFA0E1CF3A}</UniqueIdentifier>
    </Filter>
    <Filter Include="Brain\imgui">
      <UniqueIdentifier>{5B6DFEAC-C722-77A2-5017-7179BCCB6DA6}</UniqueIdentifier>
    </Filter>
  </ItemGroup>
  <ItemGroup>
    <ClInclude Include="src\Brain\Events\app_event.h">
      <Filter>Brain\Events</Filter>
    </ClInclude>
    <ClInclude Include="src\Brain\Events\event.h">
      <Filter>Brain\Events</Filter>
    </ClInclude>
    <ClInclude Include="src\Brain\Events\key_event.h">
      <Filter>Brain\Events</Filter>
    </ClInclude>
    <ClInclude Include="src\Brain\Events\mouse_event.h">
      <Filter>Brain\Events</Filter>
    </ClInclude>
    <ClInclude Include="src\Brain\Platform\OpenGL\imgui_opengl_renderer.h">
      <Filter>Brain\Platform\OpenGL</Filter>
    </ClInclude>
    <ClInclude Include="src\Brain\Platform\Windows\windows_window.h">
      <Filter>Brain\Platform\Windows</Filter>
    </ClInclude>
    <ClInclude Include="src\Brain\application.h">
      <Filter>Brain</Filter>
    </ClInclude>
    <ClInclude Include="src\Brain\entry_point.h">
      <Filter>Brain</Filter>
    </ClInclude>
    <ClInclude Include="src\Brain\imgui\imgui.layer.h">
      <Filter>Brain\imgui</Filter>
    </ClInclude>
    <ClInclude Include="src\Brain\layer.h">
      <Filter>Brain</Filter>
    </ClInclude>
    <ClInclude Include="src\Brain\layer_stack.h">
      <Filter>Brain</Filter>
    </ClInclude>
    <ClInclude Include="src\Brain\log.h">
      <Filter>Brain</Filter>
    </ClInclude>
    <ClInclude Include="src\Brain\nucleus.h">
      <Filter>Brain</Filter>
    </ClInclude>
    <ClInclude Include="src\Brain\window.h">
      <Filter>Brain</Filter>
    </ClInclude>
    <ClInclude Include="src\br.pch.h" />
    <ClInclude Include="src\brain.h" />
    <ClInclude Include="src\Brain\input.h" />
    <ClInclude Include="src\Brain\Platform\Windows\windows_input.h" />
    <ClInclude Include="src\Brain\keycodes.h" />
    <ClInclude Include="src\Brain\mouse_button_codes.h" />
  </ItemGroup>
  <ItemGroup>
    <ClCompile Include="src\Brain\Events\event.cpp">
      <Filter>Brain\Events</Filter>
    </ClCompile>
    <ClCompile Include="src\Brain\Platform\OpenGL\imgui_opengl_renderer.cpp">
      <Filter>Brain\Platform\OpenGL</Filter>
    </ClCompile>
    <ClCompile Include="src\Brain\Platform\Windows\windows_window.cpp">
      <Filter>Brain\Platform\Windows</Filter>
    </ClCompile>
    <ClCompile Include="src\Brain\application.cpp">
      <Filter>Brain</Filter>
    </ClCompile>
    <ClCompile Include="src\Brain\imgui\imgui.layer.cpp">
      <Filter>Brain\imgui</Filter>
    </ClCompile>
    <ClCompile Include="src\Brain\layer.cpp">
      <Filter>Brain</Filter>
    </ClCompile>
    <ClCompile Include="src\Brain\layer_stack.cpp">
      <Filter>Brain</Filter>
    </ClCompile>
    <ClCompile Include="src\Brain\log.cpp">
      <Filter>Brain</Filter>
    </ClCompile>
    <ClCompile Include="src\br.pch.cpp" />
    <ClCompile Include="src\Brain\Platform\Windows\windows_input.cpp" />
  </ItemGroup>
</Project>